{
  "nodes": {
    "clangd-src": {
      "flake": false,
      "locked": {
        "lastModified": 1712315800,
        "narHash": "sha256-6d1P510uHtXJ8fOyi2OZFyILDS8XgK6vsWFewKFVvq4=",
        "type": "tarball",
        "url": "https://github.com/clangd/clangd/releases/download/18.1.3/clangd-linux-18.1.3.zip"
      },
      "original": {
        "narHash": "sha256-6d1P510uHtXJ8fOyi2OZFyILDS8XgK6vsWFewKFVvq4=",
        "type": "tarball",
        "url": "https://github.com/clangd/clangd/releases/download/18.1.3/clangd-linux-18.1.3.zip"
      }
    },
    "ohmytmux": {
      "flake": false,
      "locked": {
        "lastModified": 1739109764,
        "narHash": "sha256-tSfpHxH+emz0F5bXICfVXv0IOLrvNh01rdbOTT8Qemc=",
        "owner": "gpakosz",
        "repo": ".tmux",
        "rev": "babf1c1fc611d28c3f2c3710c494b4e23a77ba72",
        "type": "github"
      },
      "original": {
        "owner": "gpakosz",
        "repo": ".tmux",
        "type": "github"
      }
    },
    "pkgs-stable": {
      "locked": {
        "lastModified": 1742136038,
        "narHash": "sha256-DDe16FJk18sadknQKKG/9FbwEro7A57tg9vB5kxZ8kY=",
        "owner": "nixos",
        "repo": "nixpkgs",
        "rev": "a1185f4064c18a5db37c5c84e5638c78b46e3341",
        "type": "github"
      },
      "original": {
        "owner": "nixos",
        "ref": "nixos-24.11",
        "repo": "nixpkgs",
        "type": "github"
      }
    },
    "root": {
      "inputs": {
        "clangd-src": "clangd-src",
        "ohmytmux": "ohmytmux",
        "pkgs-stable": "pkgs-stable",
        "upkgs": "upkgs"
      }
    },
    "upkgs": {
      "locked": {
        "lastModified": 1739580444,
        "narHash": "sha256-+/bSz4EAVbqz8/HsIGLroF8aNaO8bLRL7WfACN+24g4=",
        "owner": "nixos",
        "repo": "nixpkgs",
        "rev": "8bb37161a0488b89830168b81c48aed11569cb93",
        "type": "github"
      },
      "original": {
        "owner": "nixos",
        "ref": "nixos-unstable",
        "repo": "nixpkgs",
        "type": "github"
      }
    }
  },
  "root": "root",
  "version": 7
}
