{
  "nodes": {
    "clangd-src": {
      "flake": false,
      "locked": {
        "narHash": "sha256-QYDKnv/Rr4zXJsXzvl27f3gYIZ7/ePdBi/uxboIxUfo=",
        "type": "tarball",
        "url": "https://github.com/clangd/clangd/releases/download/13.0.0/clangd-linux-13.0.0.zip"
      },
      "original": {
        "type": "tarball",
        "url": "https://github.com/clangd/clangd/releases/download/13.0.0/clangd-linux-13.0.0.zip"
      }
    },
    "flake-utils": {
      "locked": {
        "lastModified": 1638122382,
        "narHash": "sha256-sQzZzAbvKEqN9s0bzWuYmRaA03v40gaJ4+iL1LXjaeI=",
        "owner": "numtide",
        "repo": "flake-utils",
        "rev": "74f7e4319258e287b0f9cb95426c9853b282730b",
        "type": "github"
      },
      "original": {
        "owner": "numtide",
        "repo": "flake-utils",
        "type": "github"
      }
    },
    "leaderf-src": {
      "flake": false,
      "locked": {
        "lastModified": 1640095438,
        "narHash": "sha256-CY9I0I+Y/TJZJ6g/jcdrCNTIvS51pFTce5VUXpw3J3c=",
        "owner": "Yggdroot",
        "repo": "LeaderF",
        "rev": "5626a1f71bcc2dd7a74156f22c53734621c12433",
        "type": "github"
      },
      "original": {
        "owner": "Yggdroot",
        "repo": "LeaderF",
        "type": "github"
      }
    },
    "ohmytmux": {
      "flake": false,
      "locked": {
        "lastModified": 1639381209,
        "narHash": "sha256-XGYr4FT7eWtFpyeilNVOXgPm7yTekaeh03z1y8VEt9g=",
        "owner": "gpakosz",
        "repo": ".tmux",
        "rev": "05d73a54ed05447a7eb5332c2b92d47a1b7a20bc",
        "type": "github"
      },
      "original": {
        "owner": "gpakosz",
        "repo": ".tmux",
        "type": "github"
      }
    },
    "pkgs-stable": {
      "locked": {
        "lastModified": 1640264129,
        "narHash": "sha256-gfTFmZhnHE9G+Tr0fdMmo6p/FHi5QpkO9oPPYSu6JO0=",
        "owner": "nixos",
        "repo": "nixpkgs",
        "rev": "1158f3463912d54cc981d61213839ec6c02570d3",
        "type": "github"
      },
      "original": {
        "owner": "nixos",
        "ref": "nixos-21.11",
        "repo": "nixpkgs",
        "type": "github"
      }
    },
    "root": {
      "inputs": {
        "clangd-src": "clangd-src",
        "flake-utils": "flake-utils",
        "leaderf-src": "leaderf-src",
        "ohmytmux": "ohmytmux",
        "pkgs-stable": "pkgs-stable",
        "upkgs": "upkgs"
      }
    },
    "upkgs": {
      "locked": {
        "lastModified": 1640319671,
        "narHash": "sha256-ZkKmakwaOaLiZOpIZWbeJZwap5CzJ30s4UJTfydYIYc=",
        "owner": "nixos",
        "repo": "nixpkgs",
        "rev": "eac07edbd20ed4908b98790ba299250b5527ecdf",
        "type": "github"
      },
      "original": {
        "owner": "nixos",
        "ref": "nixos-unstable",
        "repo": "nixpkgs",
        "type": "github"
      }
    }
  },
  "root": "root",
  "version": 7
}
