{
  "nodes": {
    "clangd-src": {
      "flake": false,
      "locked": {
        "narHash": "sha256-u9UugsKXsYhk++OtU3IAd+Q5sRw3P63WTTJBcUCZIGY=",
        "type": "tarball",
        "url": "https://github.com/clangd/clangd/releases/download/14.0.0/clangd-linux-14.0.0.zip"
      },
      "original": {
        "type": "tarball",
        "url": "https://github.com/clangd/clangd/releases/download/14.0.0/clangd-linux-14.0.0.zip"
      }
    },
    "flake-utils": {
      "locked": {
        "lastModified": 1649676176,
        "narHash": "sha256-OWKJratjt2RW151VUlJPRALb7OU2S5s+f0vLj4o1bHM=",
        "owner": "numtide",
        "repo": "flake-utils",
        "rev": "a4b154ebbdc88c8498a5c7b01589addc9e9cb678",
        "type": "github"
      },
      "original": {
        "owner": "numtide",
        "repo": "flake-utils",
        "type": "github"
      }
    },
    "leaderf-src": {
      "flake": false,
      "locked": {
        "lastModified": 1650952574,
        "narHash": "sha256-ljsMZFbsUORnkCjpljCSArenNanvMakv8Y2XLVaouvc=",
        "owner": "Yggdroot",
        "repo": "LeaderF",
        "rev": "2817a561495f19a37369c72a1685e3e1e4c3c09d",
        "type": "github"
      },
      "original": {
        "owner": "Yggdroot",
        "repo": "LeaderF",
        "type": "github"
      }
    },
    "ohmytmux": {
      "flake": false,
      "locked": {
        "lastModified": 1642147893,
        "narHash": "sha256-bkbYvtnTOgP9GQVQEM/QSUWouXWPwJqP7YJTaFPglEs=",
        "owner": "gpakosz",
        "repo": ".tmux",
        "rev": "9a2387c0c7aa8d12cff06d6be17251e8ebdfd034",
        "type": "github"
      },
      "original": {
        "owner": "gpakosz",
        "repo": ".tmux",
        "type": "github"
      }
    },
    "pkgs-stable": {
      "locked": {
        "lastModified": 1651571855,
        "narHash": "sha256-KZie6c2J2DUPLjG2PkYSwGLvD6RygA3TxZSPQpctbNI=",
        "owner": "nixos",
        "repo": "nixpkgs",
        "rev": "fd43ce017d4c95f47166d28664a004f57458a0b1",
        "type": "github"
      },
      "original": {
        "owner": "nixos",
        "ref": "nixos-21.11",
        "repo": "nixpkgs",
        "type": "github"
      }
    },
    "root": {
      "inputs": {
        "clangd-src": "clangd-src",
        "flake-utils": "flake-utils",
        "leaderf-src": "leaderf-src",
        "ohmytmux": "ohmytmux",
        "pkgs-stable": "pkgs-stable",
        "upkgs": "upkgs"
      }
    },
    "upkgs": {
      "locked": {
        "lastModified": 1651558728,
        "narHash": "sha256-8HzyRnWlgZluUrVFNOfZAOlA1fghpOSezXvxhalGMUo=",
        "owner": "nixos",
        "repo": "nixpkgs",
        "rev": "cbe587c735b734405f56803e267820ee1559e6c1",
        "type": "github"
      },
      "original": {
        "owner": "nixos",
        "ref": "nixos-unstable",
        "repo": "nixpkgs",
        "type": "github"
      }
    }
  },
  "root": "root",
  "version": 7
}
